
Microsoft Visual Studio Solution File, Format Version 12.00
# Visual Studio 15
VisualStudioVersion = 15.0.28307.136
MinimumVisualStudioVersion = 10.0.40219.1
Project("{FAE04EC0-301F-11D3-BF4B-00C04F79EFBC}") = "MultiDialog", "MultiDialog\MultiDialog.csproj", "{CEB9E576-5AB1-4BB6-AD6A-B4411225CE09}"
EndProject
Global
	GlobalSection(SolutionConfigurationPlatforms) = preSolution
		Debug|Any CPU = Debug|Any CPU
		Release|Any CPU = Release|Any CPU
	EndGlobalSection
	GlobalSection(ProjectConfigurationPlatforms) = postSolution
		{CEB9E576-5AB1-4BB6-AD6A-B4411225CE09}.Debug|Any CPU.ActiveCfg = Debug|Any CPU
		{CEB9E576-5AB1-4BB6-AD6A-B4411225CE09}.Debug|Any CPU.Build.0 = Debug|Any CPU
		{CEB9E576-5AB1-4BB6-AD6A-B4411225CE09}.Release|Any CPU.ActiveCfg = Release|Any CPU
		{CEB9E576-5AB1-4BB6-AD6A-B4411225CE09}.Release|Any CPU.Build.0 = Release|Any CPU
	EndGlobalSection
	GlobalSection(SolutionProperties) = preSolution
		HideSolutionNode = FALSE
	EndGlobalSection
	GlobalSection(ExtensibilityGlobals) = postSolution
		SolutionGuid = {BCB647F8-19D2-42D0-95E0-1FF2E5B61CF9}
	EndGlobalSection
EndGlobal
